{
  "name": "day02",
  "version": "1.0.0",
  "lockfileVersion": 1,
  "requires": true,
  "dependencies": {
    "echarts": {
      "version": "5.0.1",
      "resolved": "https://registry.npm.taobao.org/echarts/download/echarts-5.0.1.tgz?cache=0&sync_timestamp=1610775915726&other_urls=https%3A%2F%2Fregistry.npm.taobao.org%2Fecharts%2Fdownload%2Fecharts-5.0.1.tgz",
      "integrity": "sha1-uZn/b1FbGqhR7QlXbq+JaGtXzpc=",
      "requires": {
        "tslib": "2.0.3",
        "zrender": "5.0.3"
      }
    },
    "tslib": {
      "version": "2.0.3",
      "resolved": "https://registry.npm.taobao.org/tslib/download/tslib-2.0.3.tgz?cache=0&sync_timestamp=1609887512458&other_urls=https%3A%2F%2Fregistry.npm.taobao.org%2Ftslib%2Fdownload%2Ftslib-2.0.3.tgz",
      "integrity": "sha1-jgdBrEX8DCJuWKF7/D5kubxsphw="
    },
    "zrender": {
      "version": "5.0.3",
      "resolved": "https://registry.npm.taobao.org/zrender/download/zrender-5.0.3.tgz?cache=0&sync_timestamp=1612184604936&other_urls=https%3A%2F%2Fregistry.npm.taobao.org%2Fzrender%2Fdownload%2Fzrender-5.0.3.tgz",
      "integrity": "sha1-XgSlXTZFUGfkU2yM6cJQk/UPa2g=",
      "requires": {
        "tslib": "2.0.3"
      }
    }
  }
}
