{
  "name": "day01",
  "version": "1.0.0",
  "lockfileVersion": 1,
  "requires": true,
  "dependencies": {
    "vue": {
      "version": "2.6.12",
      "resolved": "https://registry.npm.taobao.org/vue/download/vue-2.6.12.tgz?cache=0&sync_timestamp=1609359858533&other_urls=https%3A%2F%2Fregistry.npm.taobao.org%2Fvue%2Fdownload%2Fvue-2.6.12.tgz",
      "integrity": "sha1-9evU+mvShpQD4pqJau1JBEVskSM="
    },
    "vue-router": {
      "version": "3.5.1",
      "resolved": "https://registry.npm.taobao.org/vue-router/download/vue-router-3.5.1.tgz?cache=0&other_urls=https%3A%2F%2Fregistry.npm.taobao.org%2Fvue-router%2Fdownload%2Fvue-router-3.5.1.tgz",
      "integrity": "sha1-7fPPSQeVLR4Fg+B5I3Igxf9utsk="
    },
    "vuex": {
      "version": "3.6.2",
      "resolved": "https://registry.npm.taobao.org/vuex/download/vuex-3.6.2.tgz?cache=0&sync_timestamp=1611672210051&other_urls=https%3A%2F%2Fregistry.npm.taobao.org%2Fvuex%2Fdownload%2Fvuex-3.6.2.tgz",
      "integrity": "sha1-I2vAhqhww655lG8QfxbeWdWJXnE="
    }
  }
}
